
Microsoft Visual Studio Solution File, Format Version 12.00
# Visual Studio 15
VisualStudioVersion = 15.0.28010.2019
MinimumVisualStudioVersion = 10.0.40219.1
Project("{FAE04EC0-301F-11D3-BF4B-00C04F79EFBC}") = "WindowsFormsApp", "WindowsFormsApp\WindowsFormsApp.csproj", "{60DB8FDD-5B76-485D-8C3C-A8C0B2632E46}"
EndProject
Project("{FAE04EC0-301F-11D3-BF4B-00C04F79EFBC}") = "UnitTestWindowsFormApp", "UnitTestWindowsFormApp\UnitTestWindowsFormApp.csproj", "{2D3A9E04-3898-43CB-8FD7-7F846F32BF49}"
EndProject
Project("{FAE04EC0-301F-11D3-BF4B-00C04F79EFBC}") = "IntegrationTestWindowsFormApp", "IntegrationTestProject1\IntegrationTestWindowsFormApp.csproj", "{83601137-68D9-49B7-8B36-361E3F25DC0F}"
EndProject
Project("{FAE04EC0-301F-11D3-BF4B-00C04F79EFBC}") = "CUIT", "CUIT\CUIT.csproj", "{A36FA5E5-2F9E-4CE0-820D-59A0803B8605}"
EndProject
Global
	GlobalSection(SolutionConfigurationPlatforms) = preSolution
		Debug|Any CPU = Debug|Any CPU
		Release|Any CPU = Release|Any CPU
	EndGlobalSection
	GlobalSection(ProjectConfigurationPlatforms) = postSolution
		{60DB8FDD-5B76-485D-8C3C-A8C0B2632E46}.Debug|Any CPU.ActiveCfg = Debug|Any CPU
		{60DB8FDD-5B76-485D-8C3C-A8C0B2632E46}.Debug|Any CPU.Build.0 = Debug|Any CPU
		{60DB8FDD-5B76-485D-8C3C-A8C0B2632E46}.Release|Any CPU.ActiveCfg = Release|Any CPU
		{60DB8FDD-5B76-485D-8C3C-A8C0B2632E46}.Release|Any CPU.Build.0 = Release|Any CPU
		{2D3A9E04-3898-43CB-8FD7-7F846F32BF49}.Debug|Any CPU.ActiveCfg = Debug|Any CPU
		{2D3A9E04-3898-43CB-8FD7-7F846F32BF49}.Debug|Any CPU.Build.0 = Debug|Any CPU
		{2D3A9E04-3898-43CB-8FD7-7F846F32BF49}.Release|Any CPU.ActiveCfg = Release|Any CPU
		{2D3A9E04-3898-43CB-8FD7-7F846F32BF49}.Release|Any CPU.Build.0 = Release|Any CPU
		{83601137-68D9-49B7-8B36-361E3F25DC0F}.Debug|Any CPU.ActiveCfg = Debug|Any CPU
		{83601137-68D9-49B7-8B36-361E3F25DC0F}.Debug|Any CPU.Build.0 = Debug|Any CPU
		{83601137-68D9-49B7-8B36-361E3F25DC0F}.Release|Any CPU.ActiveCfg = Release|Any CPU
		{83601137-68D9-49B7-8B36-361E3F25DC0F}.Release|Any CPU.Build.0 = Release|Any CPU
		{A36FA5E5-2F9E-4CE0-820D-59A0803B8605}.Debug|Any CPU.ActiveCfg = Debug|Any CPU
		{A36FA5E5-2F9E-4CE0-820D-59A0803B8605}.Debug|Any CPU.Build.0 = Debug|Any CPU
		{A36FA5E5-2F9E-4CE0-820D-59A0803B8605}.Release|Any CPU.ActiveCfg = Release|Any CPU
		{A36FA5E5-2F9E-4CE0-820D-59A0803B8605}.Release|Any CPU.Build.0 = Release|Any CPU
	EndGlobalSection
	GlobalSection(SolutionProperties) = preSolution
		HideSolutionNode = FALSE
	EndGlobalSection
	GlobalSection(ExtensibilityGlobals) = postSolution
		SolutionGuid = {3F8211DD-BAD7-4E58-BB74-E1872DF4D6AB}
	EndGlobalSection
EndGlobal
